// !$*UTF8*$!
{
	archiveVersion = 1;
	classes = {
	};
	objectVersion = 48;
	objects = {

/* Begin PBXBuildFile section */
		482F7DA06797D047AB9FEE04 /* Pods_oblakoed.framework in Frameworks */ = {isa = PBXBuildFile; fileRef = E4612300E6F65FBD76EA5BF5 /* Pods_oblakoed.framework */; };
		9238669D206577F60091C3D0 /* AppDelegate.swift in Sources */ = {isa = PBXBuildFile; fileRef = 9238669C206577F60091C3D0 /* AppDelegate.swift */; };
		923866A2206577F60091C3D0 /* Main.storyboard in Resources */ = {isa = PBXBuildFile; fileRef = 923866A0206577F60091C3D0 /* Main.storyboard */; };
		923866A4206577F60091C3D0 /* Assets.xcassets in Resources */ = {isa = PBXBuildFile; fileRef = 923866A3206577F60091C3D0 /* Assets.xcassets */; };
		923866AF20657ACB0091C3D0 /* TodosController.swift in Sources */ = {isa = PBXBuildFile; fileRef = 923866AE20657ACB0091C3D0 /* TodosController.swift */; };
		923866B120657D7A0091C3D0 /* Todo.swift in Sources */ = {isa = PBXBuildFile; fileRef = 923866B020657D7A0091C3D0 /* Todo.swift */; };
		923866B320657D870091C3D0 /* Project.swift in Sources */ = {isa = PBXBuildFile; fileRef = 923866B220657D870091C3D0 /* Project.swift */; };
		923866B520658D080091C3D0 /* AddTodoController.swift in Sources */ = {isa = PBXBuildFile; fileRef = 923866B420658D080091C3D0 /* AddTodoController.swift */; };
		923866BA2065934B0091C3D0 /* OpenSans-Light.ttf in Resources */ = {isa = PBXBuildFile; fileRef = 923866B7206593120091C3D0 /* OpenSans-Light.ttf */; };
		923866BB2065934B0091C3D0 /* OpenSans-Regular.ttf in Resources */ = {isa = PBXBuildFile; fileRef = 923866B9206593120091C3D0 /* OpenSans-Regular.ttf */; };
		923866BC2065934B0091C3D0 /* OpenSans-Semibold.ttf in Resources */ = {isa = PBXBuildFile; fileRef = 923866B8206593120091C3D0 /* OpenSans-Semibold.ttf */; };
		924F767420666D4700AF5CCA /* CustomTableview.swift in Sources */ = {isa = PBXBuildFile; fileRef = 924F767320666D4700AF5CCA /* CustomTableview.swift */; };
		924F767620667C3A00AF5CCA /* CustomCheckboxCell.xib in Resources */ = {isa = PBXBuildFile; fileRef = 924F767520667C3A00AF5CCA /* CustomCheckboxCell.xib */; };
		924F767820667F1700AF5CCA /* CustomCheckboxCell.swift in Sources */ = {isa = PBXBuildFile; fileRef = 924F767720667F1700AF5CCA /* CustomCheckboxCell.swift */; };
		92CB58B720665A18005B61C3 /* OpenSans-Bold.ttf in Resources */ = {isa = PBXBuildFile; fileRef = 92CB58B620665A12005B61C3 /* OpenSans-Bold.ttf */; };
/* End PBXBuildFile section */

/* Begin PBXFileReference section */
		8A45E33788A4D7AA2AAAE7C5 /* Pods-oblakoed.release.xcconfig */ = {isa = PBXFileReference; includeInIndex = 1; lastKnownFileType = text.xcconfig; name = "Pods-oblakoed.release.xcconfig"; path = "Pods/Target Support Files/Pods-oblakoed/Pods-oblakoed.release.xcconfig"; sourceTree = "<group>"; };
		92386699206577F60091C3D0 /* oblakoed.app */ = {isa = PBXFileReference; explicitFileType = wrapper.application; includeInIndex = 0; path = oblakoed.app; sourceTree = BUILT_PRODUCTS_DIR; };
		9238669C206577F60091C3D0 /* AppDelegate.swift */ = {isa = PBXFileReference; lastKnownFileType = sourcecode.swift; path = AppDelegate.swift; sourceTree = "<group>"; };
		923866A1206577F60091C3D0 /* Base */ = {isa = PBXFileReference; lastKnownFileType = file.storyboard; name = Base; path = Base.lproj/Main.storyboard; sourceTree = "<group>"; };
		923866A3206577F60091C3D0 /* Assets.xcassets */ = {isa = PBXFileReference; lastKnownFileType = folder.assetcatalog; path = Assets.xcassets; sourceTree = "<group>"; };
		923866A8206577F60091C3D0 /* Info.plist */ = {isa = PBXFileReference; lastKnownFileType = text.plist.xml; path = Info.plist; sourceTree = "<group>"; };
		923866AE20657ACB0091C3D0 /* TodosController.swift */ = {isa = PBXFileReference; lastKnownFileType = sourcecode.swift; path = TodosController.swift; sourceTree = "<group>"; };
		923866B020657D7A0091C3D0 /* Todo.swift */ = {isa = PBXFileReference; lastKnownFileType = sourcecode.swift; path = Todo.swift; sourceTree = "<group>"; };
		923866B220657D870091C3D0 /* Project.swift */ = {isa = PBXFileReference; lastKnownFileType = sourcecode.swift; path = Project.swift; sourceTree = "<group>"; };
		923866B420658D080091C3D0 /* AddTodoController.swift */ = {isa = PBXFileReference; lastKnownFileType = sourcecode.swift; path = AddTodoController.swift; sourceTree = "<group>"; };
		923866B7206593120091C3D0 /* OpenSans-Light.ttf */ = {isa = PBXFileReference; lastKnownFileType = file; path = "OpenSans-Light.ttf"; sourceTree = "<group>"; };
		923866B8206593120091C3D0 /* OpenSans-Semibold.ttf */ = {isa = PBXFileReference; lastKnownFileType = file; path = "OpenSans-Semibold.ttf"; sourceTree = "<group>"; };
		923866B9206593120091C3D0 /* OpenSans-Regular.ttf */ = {isa = PBXFileReference; lastKnownFileType = file; path = "OpenSans-Regular.ttf"; sourceTree = "<group>"; };
		924F767320666D4700AF5CCA /* CustomTableview.swift */ = {isa = PBXFileReference; lastKnownFileType = sourcecode.swift; path = CustomTableview.swift; sourceTree = "<group>"; };
		924F767520667C3A00AF5CCA /* CustomCheckboxCell.xib */ = {isa = PBXFileReference; lastKnownFileType = file.xib; path = CustomCheckboxCell.xib; sourceTree = "<group>"; };
		924F767720667F1700AF5CCA /* CustomCheckboxCell.swift */ = {isa = PBXFileReference; lastKnownFileType = sourcecode.swift; path = CustomCheckboxCell.swift; sourceTree = "<group>"; };
		92CB58B620665A12005B61C3 /* OpenSans-Bold.ttf */ = {isa = PBXFileReference; lastKnownFileType = file; path = "OpenSans-Bold.ttf"; sourceTree = "<group>"; };
		DC0E24AD6420E60402BDA456 /* Pods-oblakoed.debug.xcconfig */ = {isa = PBXFileReference; includeInIndex = 1; lastKnownFileType = text.xcconfig; name = "Pods-oblakoed.debug.xcconfig"; path = "Pods/Target Support Files/Pods-oblakoed/Pods-oblakoed.debug.xcconfig"; sourceTree = "<group>"; };
		E4612300E6F65FBD76EA5BF5 /* Pods_oblakoed.framework */ = {isa = PBXFileReference; explicitFileType = wrapper.framework; includeInIndex = 0; path = Pods_oblakoed.framework; sourceTree = BUILT_PRODUCTS_DIR; };
/* End PBXFileReference section */

/* Begin PBXFrameworksBuildPhase section */
		92386696206577F60091C3D0 /* Frameworks */ = {
			isa = PBXFrameworksBuildPhase;
			buildActionMask = 2147483647;
			files = (
				482F7DA06797D047AB9FEE04 /* Pods_oblakoed.framework in Frameworks */,
			);
			runOnlyForDeploymentPostprocessing = 0;
		};
/* End PBXFrameworksBuildPhase section */

/* Begin PBXGroup section */
		92386690206577F60091C3D0 = {
			isa = PBXGroup;
			children = (
				9238669B206577F60091C3D0 /* oblakoed */,
				9238669A206577F60091C3D0 /* Products */,
				9EC90B8040297EA9D435775C /* Pods */,
				D871D1080AE639F2A3B310CF /* Frameworks */,
			);
			sourceTree = "<group>";
		};
		9238669A206577F60091C3D0 /* Products */ = {
			isa = PBXGroup;
			children = (
				92386699206577F60091C3D0 /* oblakoed.app */,
			);
			name = Products;
			sourceTree = "<group>";
		};
		9238669B206577F60091C3D0 /* oblakoed */ = {
			isa = PBXGroup;
			children = (
				9238669C206577F60091C3D0 /* AppDelegate.swift */,
				924F767320666D4700AF5CCA /* CustomTableview.swift */,
				923866AE20657ACB0091C3D0 /* TodosController.swift */,
				923866B420658D080091C3D0 /* AddTodoController.swift */,
				923866B220657D870091C3D0 /* Project.swift */,
				923866B020657D7A0091C3D0 /* Todo.swift */,
				923866A0206577F60091C3D0 /* Main.storyboard */,
				923866A3206577F60091C3D0 /* Assets.xcassets */,
				923866A8206577F60091C3D0 /* Info.plist */,
				924F767920678E3000AF5CCA /* Custom Cell */,
				923866B6206592DB0091C3D0 /* fonts */,
			);
			path = oblakoed;
			sourceTree = "<group>";
		};
		923866B6206592DB0091C3D0 /* fonts */ = {
			isa = PBXGroup;
			children = (
				923866B7206593120091C3D0 /* OpenSans-Light.ttf */,
				923866B9206593120091C3D0 /* OpenSans-Regular.ttf */,
				92CB58B620665A12005B61C3 /* OpenSans-Bold.ttf */,
				923866B8206593120091C3D0 /* OpenSans-Semibold.ttf */,
			);
			path = fonts;
			sourceTree = "<group>";
		};
		924F767920678E3000AF5CCA /* Custom Cell */ = {
			isa = PBXGroup;
			children = (
				924F767520667C3A00AF5CCA /* CustomCheckboxCell.xib */,
				924F767720667F1700AF5CCA /* CustomCheckboxCell.swift */,
			);
			path = "Custom Cell";
			sourceTree = "<group>";
		};
		9EC90B8040297EA9D435775C /* Pods */ = {
			isa = PBXGroup;
			children = (
				DC0E24AD6420E60402BDA456 /* Pods-oblakoed.debug.xcconfig */,
				8A45E33788A4D7AA2AAAE7C5 /* Pods-oblakoed.release.xcconfig */,
			);
			name = Pods;
			sourceTree = "<group>";
		};
		D871D1080AE639F2A3B310CF /* Frameworks */ = {
			isa = PBXGroup;
			children = (
				E4612300E6F65FBD76EA5BF5 /* Pods_oblakoed.framework */,
			);
			name = Frameworks;
			sourceTree = "<group>";
		};
/* End PBXGroup section */

/* Begin PBXNativeTarget section */
		92386698206577F60091C3D0 /* oblakoed */ = {
			isa = PBXNativeTarget;
			buildConfigurationList = 923866AB206577F60091C3D0 /* Build configuration list for PBXNativeTarget "oblakoed" */;
			buildPhases = (
				DF12CCA51FC6FB5B6CE01E92 /* [CP] Check Pods Manifest.lock */,
				92386695206577F60091C3D0 /* Sources */,
				92386696206577F60091C3D0 /* Frameworks */,
				92386697206577F60091C3D0 /* Resources */,
				2D1FEEDB304E671404EF4290 /* [CP] Embed Pods Frameworks */,
				9D1C3EEAF4CEF78F7EF267F4 /* [CP] Copy Pods Resources */,
			);
			buildRules = (
			);
			dependencies = (
			);
			name = oblakoed;
			productName = oblakoed;
			productReference = 92386699206577F60091C3D0 /* oblakoed.app */;
			productType = "com.apple.product-type.application";
		};
/* End PBXNativeTarget section */

/* Begin PBXProject section */
		92386691206577F60091C3D0 /* Project object */ = {
			isa = PBXProject;
			attributes = {
				LastSwiftUpdateCheck = 0920;
				LastUpgradeCheck = 0920;
				ORGANIZATIONNAME = "Valery Silin";
				TargetAttributes = {
					92386698206577F60091C3D0 = {
						CreatedOnToolsVersion = 9.2;
						ProvisioningStyle = Automatic;
					};
				};
			};
			buildConfigurationList = 92386694206577F60091C3D0 /* Build configuration list for PBXProject "oblakoed" */;
			compatibilityVersion = "Xcode 8.0";
			developmentRegion = en;
			hasScannedForEncodings = 0;
			knownRegions = (
				en,
				Base,
			);
			mainGroup = 92386690206577F60091C3D0;
			productRefGroup = 9238669A206577F60091C3D0 /* Products */;
			projectDirPath = "";
			projectRoot = "";
			targets = (
				92386698206577F60091C3D0 /* oblakoed */,
			);
		};
/* End PBXProject section */

/* Begin PBXResourcesBuildPhase section */
		92386697206577F60091C3D0 /* Resources */ = {
			isa = PBXResourcesBuildPhase;
			buildActionMask = 2147483647;
			files = (
				923866BC2065934B0091C3D0 /* OpenSans-Semibold.ttf in Resources */,
				92CB58B720665A18005B61C3 /* OpenSans-Bold.ttf in Resources */,
				924F767620667C3A00AF5CCA /* CustomCheckboxCell.xib in Resources */,
				923866BB2065934B0091C3D0 /* OpenSans-Regular.ttf in Resources */,
				923866A4206577F60091C3D0 /* Assets.xcassets in Resources */,
				923866BA2065934B0091C3D0 /* OpenSans-Light.ttf in Resources */,
				923866A2206577F60091C3D0 /* Main.storyboard in Resources */,
			);
			runOnlyForDeploymentPostprocessing = 0;
		};
/* End PBXResourcesBuildPhase section */

/* Begin PBXShellScriptBuildPhase section */
		2D1FEEDB304E671404EF4290 /* [CP] Embed Pods Frameworks */ = {
			isa = PBXShellScriptBuildPhase;
			buildActionMask = 2147483647;
			files = (
			);
			inputPaths = (
				"${SRCROOT}/Pods/Target Support Files/Pods-oblakoed/Pods-oblakoed-frameworks.sh",
				"${BUILT_PRODUCTS_DIR}/Alamofire/Alamofire.framework",
				"${BUILT_PRODUCTS_DIR}/M13Checkbox/M13Checkbox.framework",
				"${BUILT_PRODUCTS_DIR}/SwiftyJSON/SwiftyJSON.framework",
			);
			name = "[CP] Embed Pods Frameworks";
			outputPaths = (
				"${TARGET_BUILD_DIR}/${FRAMEWORKS_FOLDER_PATH}/Alamofire.framework",
				"${TARGET_BUILD_DIR}/${FRAMEWORKS_FOLDER_PATH}/M13Checkbox.framework",
				"${TARGET_BUILD_DIR}/${FRAMEWORKS_FOLDER_PATH}/SwiftyJSON.framework",
			);
			runOnlyForDeploymentPostprocessing = 0;
			shellPath = /bin/sh;
			shellScript = "\"${SRCROOT}/Pods/Target Support Files/Pods-oblakoed/Pods-oblakoed-frameworks.sh\"\n";
			showEnvVarsInLog = 0;
		};
		9D1C3EEAF4CEF78F7EF267F4 /* [CP] Copy Pods Resources */ = {
			isa = PBXShellScriptBuildPhase;
			buildActionMask = 2147483647;
			files = (
			);
			inputPaths = (
			);
			name = "[CP] Copy Pods Resources";
			outputPaths = (
			);
			runOnlyForDeploymentPostprocessing = 0;
			shellPath = /bin/sh;
			shellScript = "\"${SRCROOT}/Pods/Target Support Files/Pods-oblakoed/Pods-oblakoed-resources.sh\"\n";
			showEnvVarsInLog = 0;
		};
		DF12CCA51FC6FB5B6CE01E92 /* [CP] Check Pods Manifest.lock */ = {
			isa = PBXShellScriptBuildPhase;
			buildActionMask = 2147483647;
			files = (
			);
			inputPaths = (
				"${PODS_PODFILE_DIR_PATH}/Podfile.lock",
				"${PODS_ROOT}/Manifest.lock",
			);
			name = "[CP] Check Pods Manifest.lock";
			outputPaths = (
				"$(DERIVED_FILE_DIR)/Pods-oblakoed-checkManifestLockResult.txt",
			);
			runOnlyForDeploymentPostprocessing = 0;
			shellPath = /bin/sh;
			shellScript = "diff \"${PODS_PODFILE_DIR_PATH}/Podfile.lock\" \"${PODS_ROOT}/Manifest.lock\" > /dev/null\nif [ $? != 0 ] ; then\n    # print error to STDERR\n    echo \"error: The sandbox is not in sync with the Podfile.lock. Run 'pod install' or update your CocoaPods installation.\" >&2\n    exit 1\nfi\n# This output is used by Xcode 'outputs' to avoid re-running this script phase.\necho \"SUCCESS\" > \"${SCRIPT_OUTPUT_FILE_0}\"\n";
			showEnvVarsInLog = 0;
		};
/* End PBXShellScriptBuildPhase section */

/* Begin PBXSourcesBuildPhase section */
		92386695206577F60091C3D0 /* Sources */ = {
			isa = PBXSourcesBuildPhase;
			buildActionMask = 2147483647;
			files = (
				924F767420666D4700AF5CCA /* CustomTableview.swift in Sources */,
				924F767820667F1700AF5CCA /* CustomCheckboxCell.swift in Sources */,
				9238669D206577F60091C3D0 /* AppDelegate.swift in Sources */,
				923866AF20657ACB0091C3D0 /* TodosController.swift in Sources */,
				923866B320657D870091C3D0 /* Project.swift in Sources */,
				923866B120657D7A0091C3D0 /* Todo.swift in Sources */,
				923866B520658D080091C3D0 /* AddTodoController.swift in Sources */,
			);
			runOnlyForDeploymentPostprocessing = 0;
		};
/* End PBXSourcesBuildPhase section */

/* Begin PBXVariantGroup section */
		923866A0206577F60091C3D0 /* Main.storyboard */ = {
			isa = PBXVariantGroup;
			children = (
				923866A1206577F60091C3D0 /* Base */,
			);
			name = Main.storyboard;
			sourceTree = "<group>";
		};
/* End PBXVariantGroup section */

/* Begin XCBuildConfiguration section */
		923866A9206577F60091C3D0 /* Debug */ = {
			isa = XCBuildConfiguration;
			buildSettings = {
				ALWAYS_SEARCH_USER_PATHS = NO;
				CLANG_ANALYZER_NONNULL = YES;
				CLANG_ANALYZER_NUMBER_OBJECT_CONVERSION = YES_AGGRESSIVE;
				CLANG_CXX_LANGUAGE_STANDARD = "gnu++14";
				CLANG_CXX_LIBRARY = "libc++";
				CLANG_ENABLE_MODULES = YES;
				CLANG_ENABLE_OBJC_ARC = YES;
				CLANG_WARN_BLOCK_CAPTURE_AUTORELEASING = YES;
				CLANG_WARN_BOOL_CONVERSION = YES;
				CLANG_WARN_COMMA = YES;
				CLANG_WARN_CONSTANT_CONVERSION = YES;
				CLANG_WARN_DIRECT_OBJC_ISA_USAGE = YES_ERROR;
				CLANG_WARN_DOCUMENTATION_COMMENTS = YES;
				CLANG_WARN_EMPTY_BODY = YES;
				CLANG_WARN_ENUM_CONVERSION = YES;
				CLANG_WARN_INFINITE_RECURSION = YES;
				CLANG_WARN_INT_CONVERSION = YES;
				CLANG_WARN_NON_LITERAL_NULL_CONVERSION = YES;
				CLANG_WARN_OBJC_LITERAL_CONVERSION = YES;
				CLANG_WARN_OBJC_ROOT_CLASS = YES_ERROR;
				CLANG_WARN_RANGE_LOOP_ANALYSIS = YES;
				CLANG_WARN_STRICT_PROTOTYPES = YES;
				CLANG_WARN_SUSPICIOUS_MOVE = YES;
				CLANG_WARN_UNGUARDED_AVAILABILITY = YES_AGGRESSIVE;
				CLANG_WARN_UNREACHABLE_CODE = YES;
				CLANG_WARN__DUPLICATE_METHOD_MATCH = YES;
				CODE_SIGN_IDENTITY = "iPhone Developer";
				COPY_PHASE_STRIP = NO;
				DEBUG_INFORMATION_FORMAT = dwarf;
				ENABLE_STRICT_OBJC_MSGSEND = YES;
				ENABLE_TESTABILITY = YES;
				GCC_C_LANGUAGE_STANDARD = gnu11;
				GCC_DYNAMIC_NO_PIC = NO;
				GCC_NO_COMMON_BLOCKS = YES;
				GCC_OPTIMIZATION_LEVEL = 0;
				GCC_PREPROCESSOR_DEFINITIONS = (
					"DEBUG=1",
					"$(inherited)",
				);
				GCC_WARN_64_TO_32_BIT_CONVERSION = YES;
				GCC_WARN_ABOUT_RETURN_TYPE = YES_ERROR;
				GCC_WARN_UNDECLARED_SELECTOR = YES;
				GCC_WARN_UNINITIALIZED_AUTOS = YES_AGGRESSIVE;
				GCC_WARN_UNUSED_FUNCTION = YES;
				GCC_WARN_UNUSED_VARIABLE = YES;
				IPHONEOS_DEPLOYMENT_TARGET = 11.2;
				MTL_ENABLE_DEBUG_INFO = YES;
				ONLY_ACTIVE_ARCH = YES;
				SDKROOT = iphoneos;
				SWIFT_ACTIVE_COMPILATION_CONDITIONS = DEBUG;
				SWIFT_OPTIMIZATION_LEVEL = "-Onone";
			};
			name = Debug;
		};
		923866AA206577F60091C3D0 /* Release */ = {
			isa = XCBuildConfiguration;
			buildSettings = {
				ALWAYS_SEARCH_USER_PATHS = NO;
				CLANG_ANALYZER_NONNULL = YES;
				CLANG_ANALYZER_NUMBER_OBJECT_CONVERSION = YES_AGGRESSIVE;
				CLANG_CXX_LANGUAGE_STANDARD = "gnu++14";
				CLANG_CXX_LIBRARY = "libc++";
				CLANG_ENABLE_MODULES = YES;
				CLANG_ENABLE_OBJC_ARC = YES;
				CLANG_WARN_BLOCK_CAPTURE_AUTORELEASING = YES;
				CLANG_WARN_BOOL_CONVERSION = YES;
				CLANG_WARN_COMMA = YES;
				CLANG_WARN_CONSTANT_CONVERSION = YES;
				CLANG_WARN_DIRECT_OBJC_ISA_USAGE = YES_ERROR;
				CLANG_WARN_DOCUMENTATION_COMMENTS = YES;
				CLANG_WARN_EMPTY_BODY = YES;
				CLANG_WARN_ENUM_CONVERSION = YES;
				CLANG_WARN_INFINITE_RECURSION = YES;
				CLANG_WARN_INT_CONVERSION = YES;
				CLANG_WARN_NON_LITERAL_NULL_CONVERSION = YES;
				CLANG_WARN_OBJC_LITERAL_CONVERSION = YES;
				CLANG_WARN_OBJC_ROOT_CLASS = YES_ERROR;
				CLANG_WARN_RANGE_LOOP_ANALYSIS = YES;
				CLANG_WARN_STRICT_PROTOTYPES = YES;
				CLANG_WARN_SUSPICIOUS_MOVE = YES;
				CLANG_WARN_UNGUARDED_AVAILABILITY = YES_AGGRESSIVE;
				CLANG_WARN_UNREACHABLE_CODE = YES;
				CLANG_WARN__DUPLICATE_METHOD_MATCH = YES;
				CODE_SIGN_IDENTITY = "iPhone Developer";
				COPY_PHASE_STRIP = NO;
				DEBUG_INFORMATION_FORMAT = "dwarf-with-dsym";
				ENABLE_NS_ASSERTIONS = NO;
				ENABLE_STRICT_OBJC_MSGSEND = YES;
				GCC_C_LANGUAGE_STANDARD = gnu11;
				GCC_NO_COMMON_BLOCKS = YES;
				GCC_WARN_64_TO_32_BIT_CONVERSION = YES;
				GCC_WARN_ABOUT_RETURN_TYPE = YES_ERROR;
				GCC_WARN_UNDECLARED_SELECTOR = YES;
				GCC_WARN_UNINITIALIZED_AUTOS = YES_AGGRESSIVE;
				GCC_WARN_UNUSED_FUNCTION = YES;
				GCC_WARN_UNUSED_VARIABLE = YES;
				IPHONEOS_DEPLOYMENT_TARGET = 11.2;
				MTL_ENABLE_DEBUG_INFO = NO;
				SDKROOT = iphoneos;
				SWIFT_OPTIMIZATION_LEVEL = "-Owholemodule";
				VALIDATE_PRODUCT = YES;
			};
			name = Release;
		};
		923866AC206577F60091C3D0 /* Debug */ = {
			isa = XCBuildConfiguration;
			baseConfigurationReference = DC0E24AD6420E60402BDA456 /* Pods-oblakoed.debug.xcconfig */;
			buildSettings = {
				ASSETCATALOG_COMPILER_APPICON_NAME = AppIcon;
				CODE_SIGN_STYLE = Automatic;
				DEVELOPMENT_TEAM = TKXMVT6MTJ;
				INFOPLIST_FILE = oblakoed/Info.plist;
				LD_RUNPATH_SEARCH_PATHS = "$(inherited) @executable_path/Frameworks";
				PRODUCT_BUNDLE_IDENTIFIER = com.ValerySilin.oblakoed;
				PRODUCT_NAME = "$(TARGET_NAME)";
				SWIFT_VERSION = 4.0;
				TARGETED_DEVICE_FAMILY = "1,2";
			};
			name = Debug;
		};
		923866AD206577F60091C3D0 /* Release */ = {
			isa = XCBuildConfiguration;
			baseConfigurationReference = 8A45E33788A4D7AA2AAAE7C5 /* Pods-oblakoed.release.xcconfig */;
			buildSettings = {
				ASSETCATALOG_COMPILER_APPICON_NAME = AppIcon;
				CODE_SIGN_STYLE = Automatic;
				DEVELOPMENT_TEAM = TKXMVT6MTJ;
				INFOPLIST_FILE = oblakoed/Info.plist;
				LD_RUNPATH_SEARCH_PATHS = "$(inherited) @executable_path/Frameworks";
				PRODUCT_BUNDLE_IDENTIFIER = com.ValerySilin.oblakoed;
				PRODUCT_NAME = "$(TARGET_NAME)";
				SWIFT_VERSION = 4.0;
				TARGETED_DEVICE_FAMILY = "1,2";
			};
			name = Release;
		};
/* End XCBuildConfiguration section */

/* Begin XCConfigurationList section */
		92386694206577F60091C3D0 /* Build configuration list for PBXProject "oblakoed" */ = {
			isa = XCConfigurationList;
			buildConfigurations = (
				923866A9206577F60091C3D0 /* Debug */,
				923866AA206577F60091C3D0 /* Release */,
			);
			defaultConfigurationIsVisible = 0;
			defaultConfigurationName = Release;
		};
		923866AB206577F60091C3D0 /* Build configuration list for PBXNativeTarget "oblakoed" */ = {
			isa = XCConfigurationList;
			buildConfigurations = (
				923866AC206577F60091C3D0 /* Debug */,
				923866AD206577F60091C3D0 /* Release */,
			);
			defaultConfigurationIsVisible = 0;
			defaultConfigurationName = Release;
		};
/* End XCConfigurationList section */
	};
	rootObject = 92386691206577F60091C3D0 /* Project object */;
}
